
Microsoft Visual Studio Solution File, Format Version 12.00
# Visual Studio Version 17
VisualStudioVersion = 17.0.31919.166
MinimumVisualStudioVersion = 10.0.40219.1
Project("{FAE04EC0-301F-11D3-BF4B-00C04F79EFBC}") = "ConsoleApp1", "ConsoleApp1\ConsoleApp1.csproj", "{A67FEAC2-0DD5-46DB-BCCF-92F92FDBF6A2}"
EndProject
Global
	GlobalSection(SolutionConfigurationPlatforms) = preSolution
		Debug|Any CPU = Debug|Any CPU
		Release|Any CPU = Release|Any CPU
	EndGlobalSection
	GlobalSection(ProjectConfigurationPlatforms) = postSolution
		{A67FEAC2-0DD5-46DB-BCCF-92F92FDBF6A2}.Debug|Any CPU.ActiveCfg = Debug|Any CPU
		{A67FEAC2-0DD5-46DB-BCCF-92F92FDBF6A2}.Debug|Any CPU.Build.0 = Debug|Any CPU
		{A67FEAC2-0DD5-46DB-BCCF-92F92FDBF6A2}.Release|Any CPU.ActiveCfg = Release|Any CPU
		{A67FEAC2-0DD5-46DB-BCCF-92F92FDBF6A2}.Release|Any CPU.Build.0 = Release|Any CPU
	EndGlobalSection
	GlobalSection(SolutionProperties) = preSolution
		HideSolutionNode = FALSE
	EndGlobalSection
	GlobalSection(ExtensibilityGlobals) = postSolution
		SolutionGuid = {5EE39634-F97D-4FF6-BDC1-29D8DEBA0C43}
	EndGlobalSection
EndGlobal
